
Microsoft Visual Studio Solution File, Format Version 12.00
# Visual Studio Version 17
VisualStudioVersion = 17.9.34622.214
MinimumVisualStudioVersion = 10.0.40219.1
Project("{FAE04EC0-301F-11D3-BF4B-00C04F79EFBC}") = "Zaliczenie grupowe", "Zaliczenie grupowe.csproj", "{BA7C4EA9-84AC-429E-9073-9F166D8E49D9}"
EndProject
Global
	GlobalSection(SolutionConfigurationPlatforms) = preSolution
		Debug|Any CPU = Debug|Any CPU
		Release|Any CPU = Release|Any CPU
	EndGlobalSection
	GlobalSection(ProjectConfigurationPlatforms) = postSolution
		{BA7C4EA9-84AC-429E-9073-9F166D8E49D9}.Debug|Any CPU.ActiveCfg = Debug|Any CPU
		{BA7C4EA9-84AC-429E-9073-9F166D8E49D9}.Debug|Any CPU.Build.0 = Debug|Any CPU
		{BA7C4EA9-84AC-429E-9073-9F166D8E49D9}.Release|Any CPU.ActiveCfg = Release|Any CPU
		{BA7C4EA9-84AC-429E-9073-9F166D8E49D9}.Release|Any CPU.Build.0 = Release|Any CPU
	EndGlobalSection
	GlobalSection(SolutionProperties) = preSolution
		HideSolutionNode = FALSE
	EndGlobalSection
	GlobalSection(ExtensibilityGlobals) = postSolution
		SolutionGuid = {7DAF8C4D-6531-4C94-8A82-3C954185A2F4}
	EndGlobalSection
EndGlobal
